
Microsoft Visual Studio Solution File, Format Version 12.00
# Visual Studio 15
VisualStudioVersion = 15.0.28307.1525
MinimumVisualStudioVersion = 10.0.40219.1
Project("{D2ABAB84-BF74-430A-B69E-9DC6D40DDA17}") = "Ejercicio1", "Ejercicio1.dwproj", "{3733C542-0919-4E9A-A5F0-99326C73C22A}"
EndProject
Global
	GlobalSection(SolutionConfigurationPlatforms) = preSolution
		Development|Default = Development|Default
	EndGlobalSection
	GlobalSection(ProjectConfigurationPlatforms) = postSolution
		{3733C542-0919-4E9A-A5F0-99326C73C22A}.Development|Default.ActiveCfg = Development
		{3733C542-0919-4E9A-A5F0-99326C73C22A}.Development|Default.Build.0 = Development
		{3733C542-0919-4E9A-A5F0-99326C73C22A}.Development|Default.Deploy.0 = Development
	EndGlobalSection
	GlobalSection(SolutionProperties) = preSolution
		HideSolutionNode = FALSE
	EndGlobalSection
	GlobalSection(ExtensibilityGlobals) = postSolution
		SolutionGuid = {1AC47458-6B82-47CD-ACF0-883149B6A529}
	EndGlobalSection
EndGlobal
