
Microsoft Visual Studio Solution File, Format Version 12.00
# Visual Studio Version 16
VisualStudioVersion = 16.0.31402.337
MinimumVisualStudioVersion = 10.0.40219.1
Project("{D2ABAB84-BF74-430A-B69E-9DC6D40DDA17}") = "Ejercicio2-OLAP", "Ejercicio2-OLAP.dwproj", "{24B31584-F8DC-4EDA-8393-ED9CB10C33AB}"
EndProject
Global
	GlobalSection(SolutionConfigurationPlatforms) = preSolution
		Development|Default = Development|Default
	EndGlobalSection
	GlobalSection(ProjectConfigurationPlatforms) = postSolution
		{24B31584-F8DC-4EDA-8393-ED9CB10C33AB}.Development|Default.ActiveCfg = Development
		{24B31584-F8DC-4EDA-8393-ED9CB10C33AB}.Development|Default.Build.0 = Development
		{24B31584-F8DC-4EDA-8393-ED9CB10C33AB}.Development|Default.Deploy.0 = Development
	EndGlobalSection
	GlobalSection(SolutionProperties) = preSolution
		HideSolutionNode = FALSE
	EndGlobalSection
	GlobalSection(ExtensibilityGlobals) = postSolution
		SolutionGuid = {075FE3A8-5966-42F9-A231-0BD0F52C08F0}
	EndGlobalSection
EndGlobal
